
Microsoft Visual Studio Solution File, Format Version 12.00
# Visual Studio Version 17
VisualStudioVersion = 17.8.34309.116
MinimumVisualStudioVersion = 10.0.40219.1
Project("{FAE04EC0-301F-11D3-BF4B-00C04F79EFBC}") = "JoskiTGBot2024", "JoskiTGBot2024.csproj", "{98B5523C-8CA2-4D9B-9726-417BBF46508A}"
EndProject
Global
	GlobalSection(SolutionConfigurationPlatforms) = preSolution
		Debug|Any CPU = Debug|Any CPU
		Release|Any CPU = Release|Any CPU
	EndGlobalSection
	GlobalSection(ProjectConfigurationPlatforms) = postSolution
		{98B5523C-8CA2-4D9B-9726-417BBF46508A}.Debug|Any CPU.ActiveCfg = Debug|Any CPU
		{98B5523C-8CA2-4D9B-9726-417BBF46508A}.Debug|Any CPU.Build.0 = Debug|Any CPU
		{98B5523C-8CA2-4D9B-9726-417BBF46508A}.Release|Any CPU.ActiveCfg = Release|Any CPU
		{98B5523C-8CA2-4D9B-9726-417BBF46508A}.Release|Any CPU.Build.0 = Release|Any CPU
	EndGlobalSection
	GlobalSection(SolutionProperties) = preSolution
		HideSolutionNode = FALSE
	EndGlobalSection
	GlobalSection(ExtensibilityGlobals) = postSolution
		SolutionGuid = {9E46E190-2D53-4C41-93DA-FE49D1EFD453}
	EndGlobalSection
EndGlobal
